
Microsoft Visual Studio Solution File, Format Version 12.00
# Visual Studio Version 17
VisualStudioVersion = 17.8.34330.188
MinimumVisualStudioVersion = 10.0.40219.1
Project("{FAE04EC0-301F-11D3-BF4B-00C04F79EFBC}") = "pryLopezEtapa2", "pryLopezEtapa2.csproj", "{C25E3D08-9FF3-4A73-A545-6E156F9BD189}"
EndProject
Global
	GlobalSection(SolutionConfigurationPlatforms) = preSolution
		Debug|Any CPU = Debug|Any CPU
		Release|Any CPU = Release|Any CPU
	EndGlobalSection
	GlobalSection(ProjectConfigurationPlatforms) = postSolution
		{C25E3D08-9FF3-4A73-A545-6E156F9BD189}.Debug|Any CPU.ActiveCfg = Debug|Any CPU
		{C25E3D08-9FF3-4A73-A545-6E156F9BD189}.Debug|Any CPU.Build.0 = Debug|Any CPU
		{C25E3D08-9FF3-4A73-A545-6E156F9BD189}.Release|Any CPU.ActiveCfg = Release|Any CPU
		{C25E3D08-9FF3-4A73-A545-6E156F9BD189}.Release|Any CPU.Build.0 = Release|Any CPU
	EndGlobalSection
	GlobalSection(SolutionProperties) = preSolution
		HideSolutionNode = FALSE
	EndGlobalSection
	GlobalSection(ExtensibilityGlobals) = postSolution
		SolutionGuid = {D2F79D04-3234-4539-9AC5-0FFBC01525A8}
	EndGlobalSection
EndGlobal
